
Microsoft Visual Studio Solution File, Format Version 12.00
# Visual Studio Version 17
VisualStudioVersion = 17.4.33213.308
MinimumVisualStudioVersion = 10.0.40219.1
Project("{FAE04EC0-301F-11D3-BF4B-00C04F79EFBC}") = "HW_6", "HW_6\HW_6.csproj", "{5B020055-FE3D-4B1E-9812-39156E696D0E}"
EndProject
Global
	GlobalSection(SolutionConfigurationPlatforms) = preSolution
		Debug|Any CPU = Debug|Any CPU
		Release|Any CPU = Release|Any CPU
	EndGlobalSection
	GlobalSection(ProjectConfigurationPlatforms) = postSolution
		{5B020055-FE3D-4B1E-9812-39156E696D0E}.Debug|Any CPU.ActiveCfg = Debug|Any CPU
		{5B020055-FE3D-4B1E-9812-39156E696D0E}.Debug|Any CPU.Build.0 = Debug|Any CPU
		{5B020055-FE3D-4B1E-9812-39156E696D0E}.Release|Any CPU.ActiveCfg = Release|Any CPU
		{5B020055-FE3D-4B1E-9812-39156E696D0E}.Release|Any CPU.Build.0 = Release|Any CPU
	EndGlobalSection
	GlobalSection(SolutionProperties) = preSolution
		HideSolutionNode = FALSE
	EndGlobalSection
	GlobalSection(ExtensibilityGlobals) = postSolution
		SolutionGuid = {6FCE62E8-74A9-49F1-9A92-64092E80CF59}
	EndGlobalSection
EndGlobal
